// !$*UTF8*$!
{
	archiveVersion = 1;
	classes = {
	};
	objectVersion = 46;
	objects = {

/* Begin PBXBuildFile section */
		2119A2191D7F0F4800347C24 /* MyToysTestTests.swift in Sources */ = {isa = PBXBuildFile; fileRef = 2119A2181D7F0F4800347C24 /* MyToysTestTests.swift */; };
		2119A2221D7F119D00347C24 /* testData.json in Resources */ = {isa = PBXBuildFile; fileRef = 2119A2211D7F119D00347C24 /* testData.json */; };
		2119A2231D7F119D00347C24 /* testData.json in Resources */ = {isa = PBXBuildFile; fileRef = 2119A2211D7F119D00347C24 /* testData.json */; };
		2119A2271D7F18DA00347C24 /* Network.swift in Sources */ = {isa = PBXBuildFile; fileRef = 2119A2261D7F18DA00347C24 /* Network.swift */; };
		2119A2281D7F18DA00347C24 /* Network.swift in Sources */ = {isa = PBXBuildFile; fileRef = 2119A2261D7F18DA00347C24 /* Network.swift */; };
		2169BDFF1D7DB7D900219115 /* AppDelegate.swift in Sources */ = {isa = PBXBuildFile; fileRef = 2169BDFE1D7DB7D900219115 /* AppDelegate.swift */; };
		2169BE041D7DB7D900219115 /* Main.storyboard in Resources */ = {isa = PBXBuildFile; fileRef = 2169BE021D7DB7D900219115 /* Main.storyboard */; };
		2169BE061D7DB7D900219115 /* Assets.xcassets in Resources */ = {isa = PBXBuildFile; fileRef = 2169BE051D7DB7D900219115 /* Assets.xcassets */; };
		2169BE091D7DB7D900219115 /* LaunchScreen.storyboard in Resources */ = {isa = PBXBuildFile; fileRef = 2169BE071D7DB7D900219115 /* LaunchScreen.storyboard */; };
		2169BE151D7DBCC100219115 /* MTGConnection.swift in Sources */ = {isa = PBXBuildFile; fileRef = 2169BE141D7DBCC100219115 /* MTGConnection.swift */; };
		2169BE181D7DBD3900219115 /* MTGGlobalVars.swift in Sources */ = {isa = PBXBuildFile; fileRef = 2169BE171D7DBD3900219115 /* MTGGlobalVars.swift */; };
		2169BE1D1D7DC51600219115 /* MTGMenuItem.swift in Sources */ = {isa = PBXBuildFile; fileRef = 2169BE1C1D7DC51600219115 /* MTGMenuItem.swift */; };
		2169BE1F1D7DC52500219115 /* MTGMenuConfiguration.swift in Sources */ = {isa = PBXBuildFile; fileRef = 2169BE1E1D7DC52500219115 /* MTGMenuConfiguration.swift */; };
		2169BE221D7DC61D00219115 /* MTGMenuHelper.swift in Sources */ = {isa = PBXBuildFile; fileRef = 2169BE211D7DC61D00219115 /* MTGMenuHelper.swift */; };
		2169BE241D7DC68B00219115 /* MTGMenuParser.swift in Sources */ = {isa = PBXBuildFile; fileRef = 2169BE231D7DC68B00219115 /* MTGMenuParser.swift */; };
		2169BE261D7DCAA900219115 /* MTGParser.swift in Sources */ = {isa = PBXBuildFile; fileRef = 2169BE251D7DCAA900219115 /* MTGParser.swift */; };
		2169BE281D7DD6AD00219115 /* MTGWebViewController.swift in Sources */ = {isa = PBXBuildFile; fileRef = 2169BE271D7DD6AD00219115 /* MTGWebViewController.swift */; };
		2169BE2B1D7DD7B000219115 /* MTGMenuTableViewController.swift in Sources */ = {isa = PBXBuildFile; fileRef = 2169BE2A1D7DD7B000219115 /* MTGMenuTableViewController.swift */; };
		216A35E86DC9BC0BCC1F74FA /* Pods_MyToysTest.framework in Frameworks */ = {isa = PBXBuildFile; fileRef = 98DC23FA38287C6C99978F93 /* Pods_MyToysTest.framework */; };
/* End PBXBuildFile section */

/* Begin PBXContainerItemProxy section */
		2119A21B1D7F0F4800347C24 /* PBXContainerItemProxy */ = {
			isa = PBXContainerItemProxy;
			containerPortal = 2169BDF31D7DB7D900219115 /* Project object */;
			proxyType = 1;
			remoteGlobalIDString = 2169BDFA1D7DB7D900219115;
			remoteInfo = MyToysTest;
		};
/* End PBXContainerItemProxy section */

/* Begin PBXFileReference section */
		2119A2161D7F0F4800347C24 /* MyToysTestTests.xctest */ = {isa = PBXFileReference; explicitFileType = wrapper.cfbundle; includeInIndex = 0; path = MyToysTestTests.xctest; sourceTree = BUILT_PRODUCTS_DIR; };
		2119A2181D7F0F4800347C24 /* MyToysTestTests.swift */ = {isa = PBXFileReference; lastKnownFileType = sourcecode.swift; path = MyToysTestTests.swift; sourceTree = "<group>"; };
		2119A21A1D7F0F4800347C24 /* Info.plist */ = {isa = PBXFileReference; lastKnownFileType = text.plist.xml; path = Info.plist; sourceTree = "<group>"; };
		2119A2211D7F119D00347C24 /* testData.json */ = {isa = PBXFileReference; fileEncoding = 4; lastKnownFileType = text.json; path = testData.json; sourceTree = "<group>"; };
		2119A2261D7F18DA00347C24 /* Network.swift */ = {isa = PBXFileReference; fileEncoding = 4; lastKnownFileType = sourcecode.swift; path = Network.swift; sourceTree = "<group>"; };
		2169BDFB1D7DB7D900219115 /* MyToysTest.app */ = {isa = PBXFileReference; explicitFileType = wrapper.application; includeInIndex = 0; path = MyToysTest.app; sourceTree = BUILT_PRODUCTS_DIR; };
		2169BDFE1D7DB7D900219115 /* AppDelegate.swift */ = {isa = PBXFileReference; lastKnownFileType = sourcecode.swift; path = AppDelegate.swift; sourceTree = "<group>"; };
		2169BE031D7DB7D900219115 /* Base */ = {isa = PBXFileReference; lastKnownFileType = file.storyboard; name = Base; path = Base.lproj/Main.storyboard; sourceTree = "<group>"; };
		2169BE051D7DB7D900219115 /* Assets.xcassets */ = {isa = PBXFileReference; lastKnownFileType = folder.assetcatalog; path = Assets.xcassets; sourceTree = "<group>"; };
		2169BE081D7DB7D900219115 /* Base */ = {isa = PBXFileReference; lastKnownFileType = file.storyboard; name = Base; path = Base.lproj/LaunchScreen.storyboard; sourceTree = "<group>"; };
		2169BE0A1D7DB7D900219115 /* Info.plist */ = {isa = PBXFileReference; lastKnownFileType = text.plist.xml; path = Info.plist; sourceTree = "<group>"; };
		2169BE141D7DBCC100219115 /* MTGConnection.swift */ = {isa = PBXFileReference; fileEncoding = 4; lastKnownFileType = sourcecode.swift; path = MTGConnection.swift; sourceTree = "<group>"; };
		2169BE171D7DBD3900219115 /* MTGGlobalVars.swift */ = {isa = PBXFileReference; fileEncoding = 4; lastKnownFileType = sourcecode.swift; path = MTGGlobalVars.swift; sourceTree = "<group>"; };
		2169BE1C1D7DC51600219115 /* MTGMenuItem.swift */ = {isa = PBXFileReference; fileEncoding = 4; lastKnownFileType = sourcecode.swift; path = MTGMenuItem.swift; sourceTree = "<group>"; };
		2169BE1E1D7DC52500219115 /* MTGMenuConfiguration.swift */ = {isa = PBXFileReference; fileEncoding = 4; lastKnownFileType = sourcecode.swift; path = MTGMenuConfiguration.swift; sourceTree = "<group>"; };
		2169BE211D7DC61D00219115 /* MTGMenuHelper.swift */ = {isa = PBXFileReference; fileEncoding = 4; lastKnownFileType = sourcecode.swift; path = MTGMenuHelper.swift; sourceTree = "<group>"; };
		2169BE231D7DC68B00219115 /* MTGMenuParser.swift */ = {isa = PBXFileReference; fileEncoding = 4; lastKnownFileType = sourcecode.swift; path = MTGMenuParser.swift; sourceTree = "<group>"; };
		2169BE251D7DCAA900219115 /* MTGParser.swift */ = {isa = PBXFileReference; fileEncoding = 4; lastKnownFileType = sourcecode.swift; path = MTGParser.swift; sourceTree = "<group>"; };
		2169BE271D7DD6AD00219115 /* MTGWebViewController.swift */ = {isa = PBXFileReference; fileEncoding = 4; lastKnownFileType = sourcecode.swift; path = MTGWebViewController.swift; sourceTree = "<group>"; };
		2169BE2A1D7DD7B000219115 /* MTGMenuTableViewController.swift */ = {isa = PBXFileReference; fileEncoding = 4; lastKnownFileType = sourcecode.swift; path = MTGMenuTableViewController.swift; sourceTree = "<group>"; };
		98DC23FA38287C6C99978F93 /* Pods_MyToysTest.framework */ = {isa = PBXFileReference; explicitFileType = wrapper.framework; includeInIndex = 0; path = Pods_MyToysTest.framework; sourceTree = BUILT_PRODUCTS_DIR; };
		BCB8D4E12E8FAA5818881417 /* Pods-MyToysTest.release.xcconfig */ = {isa = PBXFileReference; includeInIndex = 1; lastKnownFileType = text.xcconfig; name = "Pods-MyToysTest.release.xcconfig"; path = "Pods/Target Support Files/Pods-MyToysTest/Pods-MyToysTest.release.xcconfig"; sourceTree = "<group>"; };
		F682CBBDC395D6554EDDA201 /* Pods-MyToysTest.debug.xcconfig */ = {isa = PBXFileReference; includeInIndex = 1; lastKnownFileType = text.xcconfig; name = "Pods-MyToysTest.debug.xcconfig"; path = "Pods/Target Support Files/Pods-MyToysTest/Pods-MyToysTest.debug.xcconfig"; sourceTree = "<group>"; };
/* End PBXFileReference section */

/* Begin PBXFrameworksBuildPhase section */
		2119A2131D7F0F4800347C24 /* Frameworks */ = {
			isa = PBXFrameworksBuildPhase;
			buildActionMask = 2147483647;
			files = (
			);
			runOnlyForDeploymentPostprocessing = 0;
		};
		2169BDF81D7DB7D900219115 /* Frameworks */ = {
			isa = PBXFrameworksBuildPhase;
			buildActionMask = 2147483647;
			files = (
				216A35E86DC9BC0BCC1F74FA /* Pods_MyToysTest.framework in Frameworks */,
			);
			runOnlyForDeploymentPostprocessing = 0;
		};
/* End PBXFrameworksBuildPhase section */

/* Begin PBXGroup section */
		2119A2171D7F0F4800347C24 /* MyToysTestTests */ = {
			isa = PBXGroup;
			children = (
				2119A2261D7F18DA00347C24 /* Network.swift */,
				2119A2181D7F0F4800347C24 /* MyToysTestTests.swift */,
				2119A21A1D7F0F4800347C24 /* Info.plist */,
			);
			path = MyToysTestTests;
			sourceTree = "<group>";
		};
		2119A2201D7F118F00347C24 /* DataJson */ = {
			isa = PBXGroup;
			children = (
				2119A2211D7F119D00347C24 /* testData.json */,
			);
			name = DataJson;
			sourceTree = "<group>";
		};
		2169BDF21D7DB7D900219115 = {
			isa = PBXGroup;
			children = (
				2169BDFD1D7DB7D900219115 /* MyToysTest */,
				2119A2171D7F0F4800347C24 /* MyToysTestTests */,
				2169BDFC1D7DB7D900219115 /* Products */,
				91D9C746CE96CCCAEF5A7855 /* Pods */,
				B621A2CEF7D0787D0B6F96B6 /* Frameworks */,
			);
			sourceTree = "<group>";
		};
		2169BDFC1D7DB7D900219115 /* Products */ = {
			isa = PBXGroup;
			children = (
				2169BDFB1D7DB7D900219115 /* MyToysTest.app */,
				2119A2161D7F0F4800347C24 /* MyToysTestTests.xctest */,
			);
			name = Products;
			sourceTree = "<group>";
		};
		2169BDFD1D7DB7D900219115 /* MyToysTest */ = {
			isa = PBXGroup;
			children = (
				2119A2201D7F118F00347C24 /* DataJson */,
				2169BE161D7DBD2000219115 /* Utils */,
				2169BE131D7DBC0D00219115 /* Connection */,
				2169BE101D7DB86C00219115 /* ViewControllers */,
				2169BDFE1D7DB7D900219115 /* AppDelegate.swift */,
				2169BE021D7DB7D900219115 /* Main.storyboard */,
				2169BE051D7DB7D900219115 /* Assets.xcassets */,
				2169BE071D7DB7D900219115 /* LaunchScreen.storyboard */,
				2169BE0A1D7DB7D900219115 /* Info.plist */,
			);
			path = MyToysTest;
			sourceTree = "<group>";
		};
		2169BE101D7DB86C00219115 /* ViewControllers */ = {
			isa = PBXGroup;
			children = (
				2169BE121D7DB87B00219115 /* WebView */,
				2169BE111D7DB87400219115 /* Menu */,
			);
			name = ViewControllers;
			sourceTree = "<group>";
		};
		2169BE111D7DB87400219115 /* Menu */ = {
			isa = PBXGroup;
			children = (
				2169BE1B1D7DC4F200219115 /* Controllers */,
				2169BE201D7DC5FD00219115 /* Helpers */,
				2169BE1A1D7DC4EA00219115 /* Models */,
				2169BE191D7DC4E400219115 /* Parser */,
			);
			name = Menu;
			sourceTree = "<group>";
		};
		2169BE121D7DB87B00219115 /* WebView */ = {
			isa = PBXGroup;
			children = (
				2169BE291D7DD79600219115 /* Controllers */,
			);
			name = WebView;
			sourceTree = "<group>";
		};
		2169BE131D7DBC0D00219115 /* Connection */ = {
			isa = PBXGroup;
			children = (
				2169BE141D7DBCC100219115 /* MTGConnection.swift */,
			);
			name = Connection;
			sourceTree = "<group>";
		};
		2169BE161D7DBD2000219115 /* Utils */ = {
			isa = PBXGroup;
			children = (
				2169BE171D7DBD3900219115 /* MTGGlobalVars.swift */,
			);
			name = Utils;
			sourceTree = "<group>";
		};
		2169BE191D7DC4E400219115 /* Parser */ = {
			isa = PBXGroup;
			children = (
				2169BE231D7DC68B00219115 /* MTGMenuParser.swift */,
				2169BE251D7DCAA900219115 /* MTGParser.swift */,
			);
			name = Parser;
			sourceTree = "<group>";
		};
		2169BE1A1D7DC4EA00219115 /* Models */ = {
			isa = PBXGroup;
			children = (
				2169BE1C1D7DC51600219115 /* MTGMenuItem.swift */,
				2169BE1E1D7DC52500219115 /* MTGMenuConfiguration.swift */,
			);
			name = Models;
			sourceTree = "<group>";
		};
		2169BE1B1D7DC4F200219115 /* Controllers */ = {
			isa = PBXGroup;
			children = (
				2169BE2A1D7DD7B000219115 /* MTGMenuTableViewController.swift */,
			);
			name = Controllers;
			sourceTree = "<group>";
		};
		2169BE201D7DC5FD00219115 /* Helpers */ = {
			isa = PBXGroup;
			children = (
				2169BE211D7DC61D00219115 /* MTGMenuHelper.swift */,
			);
			name = Helpers;
			sourceTree = "<group>";
		};
		2169BE291D7DD79600219115 /* Controllers */ = {
			isa = PBXGroup;
			children = (
				2169BE271D7DD6AD00219115 /* MTGWebViewController.swift */,
			);
			name = Controllers;
			sourceTree = "<group>";
		};
		91D9C746CE96CCCAEF5A7855 /* Pods */ = {
			isa = PBXGroup;
			children = (
				F682CBBDC395D6554EDDA201 /* Pods-MyToysTest.debug.xcconfig */,
				BCB8D4E12E8FAA5818881417 /* Pods-MyToysTest.release.xcconfig */,
			);
			name = Pods;
			sourceTree = "<group>";
		};
		B621A2CEF7D0787D0B6F96B6 /* Frameworks */ = {
			isa = PBXGroup;
			children = (
				98DC23FA38287C6C99978F93 /* Pods_MyToysTest.framework */,
			);
			name = Frameworks;
			sourceTree = "<group>";
		};
/* End PBXGroup section */

/* Begin PBXNativeTarget section */
		2119A2151D7F0F4800347C24 /* MyToysTestTests */ = {
			isa = PBXNativeTarget;
			buildConfigurationList = 2119A21D1D7F0F4800347C24 /* Build configuration list for PBXNativeTarget "MyToysTestTests" */;
			buildPhases = (
				2119A2121D7F0F4800347C24 /* Sources */,
				2119A2131D7F0F4800347C24 /* Frameworks */,
				2119A2141D7F0F4800347C24 /* Resources */,
			);
			buildRules = (
			);
			dependencies = (
				2119A21C1D7F0F4800347C24 /* PBXTargetDependency */,
			);
			name = MyToysTestTests;
			productName = MyToysTestTests;
			productReference = 2119A2161D7F0F4800347C24 /* MyToysTestTests.xctest */;
			productType = "com.apple.product-type.bundle.unit-test";
		};
		2169BDFA1D7DB7D900219115 /* MyToysTest */ = {
			isa = PBXNativeTarget;
			buildConfigurationList = 2169BE0D1D7DB7D900219115 /* Build configuration list for PBXNativeTarget "MyToysTest" */;
			buildPhases = (
				5DCE44A553853A51B1D133C9 /* Check Pods Manifest.lock */,
				2169BDF71D7DB7D900219115 /* Sources */,
				2169BDF81D7DB7D900219115 /* Frameworks */,
				2169BDF91D7DB7D900219115 /* Resources */,
				5F7E0E4254454E9B69AFFAA9 /* Embed Pods Frameworks */,
				9E588284F314C58B69A9077B /* Copy Pods Resources */,
			);
			buildRules = (
			);
			dependencies = (
			);
			name = MyToysTest;
			productName = MyToysTest;
			productReference = 2169BDFB1D7DB7D900219115 /* MyToysTest.app */;
			productType = "com.apple.product-type.application";
		};
/* End PBXNativeTarget section */

/* Begin PBXProject section */
		2169BDF31D7DB7D900219115 /* Project object */ = {
			isa = PBXProject;
			attributes = {
				LastSwiftUpdateCheck = 0730;
				LastUpgradeCheck = 0730;
				ORGANIZATIONNAME = MyToys;
				TargetAttributes = {
					2119A2151D7F0F4800347C24 = {
						CreatedOnToolsVersion = 7.3.1;
						TestTargetID = 2169BDFA1D7DB7D900219115;
					};
					2169BDFA1D7DB7D900219115 = {
						CreatedOnToolsVersion = 7.3.1;
					};
				};
			};
			buildConfigurationList = 2169BDF61D7DB7D900219115 /* Build configuration list for PBXProject "MyToysTest" */;
			compatibilityVersion = "Xcode 3.2";
			developmentRegion = English;
			hasScannedForEncodings = 0;
			knownRegions = (
				en,
				Base,
			);
			mainGroup = 2169BDF21D7DB7D900219115;
			productRefGroup = 2169BDFC1D7DB7D900219115 /* Products */;
			projectDirPath = "";
			projectRoot = "";
			targets = (
				2169BDFA1D7DB7D900219115 /* MyToysTest */,
				2119A2151D7F0F4800347C24 /* MyToysTestTests */,
			);
		};
/* End PBXProject section */

/* Begin PBXResourcesBuildPhase section */
		2119A2141D7F0F4800347C24 /* Resources */ = {
			isa = PBXResourcesBuildPhase;
			buildActionMask = 2147483647;
			files = (
				2119A2231D7F119D00347C24 /* testData.json in Resources */,
			);
			runOnlyForDeploymentPostprocessing = 0;
		};
		2169BDF91D7DB7D900219115 /* Resources */ = {
			isa = PBXResourcesBuildPhase;
			buildActionMask = 2147483647;
			files = (
				2169BE091D7DB7D900219115 /* LaunchScreen.storyboard in Resources */,
				2169BE061D7DB7D900219115 /* Assets.xcassets in Resources */,
				2169BE041D7DB7D900219115 /* Main.storyboard in Resources */,
				2119A2221D7F119D00347C24 /* testData.json in Resources */,
			);
			runOnlyForDeploymentPostprocessing = 0;
		};
/* End PBXResourcesBuildPhase section */

/* Begin PBXShellScriptBuildPhase section */
		5DCE44A553853A51B1D133C9 /* Check Pods Manifest.lock */ = {
			isa = PBXShellScriptBuildPhase;
			buildActionMask = 2147483647;
			files = (
			);
			inputPaths = (
			);
			name = "Check Pods Manifest.lock";
			outputPaths = (
			);
			runOnlyForDeploymentPostprocessing = 0;
			shellPath = /bin/sh;
			shellScript = "diff \"${PODS_ROOT}/../Podfile.lock\" \"${PODS_ROOT}/Manifest.lock\" > /dev/null\nif [[ $? != 0 ]] ; then\n    cat << EOM\nerror: The sandbox is not in sync with the Podfile.lock. Run 'pod install' or update your CocoaPods installation.\nEOM\n    exit 1\nfi\n";
			showEnvVarsInLog = 0;
		};
		5F7E0E4254454E9B69AFFAA9 /* Embed Pods Frameworks */ = {
			isa = PBXShellScriptBuildPhase;
			buildActionMask = 2147483647;
			files = (
			);
			inputPaths = (
			);
			name = "Embed Pods Frameworks";
			outputPaths = (
			);
			runOnlyForDeploymentPostprocessing = 0;
			shellPath = /bin/sh;
			shellScript = "\"${SRCROOT}/Pods/Target Support Files/Pods-MyToysTest/Pods-MyToysTest-frameworks.sh\"\n";
			showEnvVarsInLog = 0;
		};
		9E588284F314C58B69A9077B /* Copy Pods Resources */ = {
			isa = PBXShellScriptBuildPhase;
			buildActionMask = 2147483647;
			files = (
			);
			inputPaths = (
			);
			name = "Copy Pods Resources";
			outputPaths = (
			);
			runOnlyForDeploymentPostprocessing = 0;
			shellPath = /bin/sh;
			shellScript = "\"${SRCROOT}/Pods/Target Support Files/Pods-MyToysTest/Pods-MyToysTest-resources.sh\"\n";
			showEnvVarsInLog = 0;
		};
/* End PBXShellScriptBuildPhase section */

/* Begin PBXSourcesBuildPhase section */
		2119A2121D7F0F4800347C24 /* Sources */ = {
			isa = PBXSourcesBuildPhase;
			buildActionMask = 2147483647;
			files = (
				2119A2281D7F18DA00347C24 /* Network.swift in Sources */,
				2119A2191D7F0F4800347C24 /* MyToysTestTests.swift in Sources */,
			);
			runOnlyForDeploymentPostprocessing = 0;
		};
		2169BDF71D7DB7D900219115 /* Sources */ = {
			isa = PBXSourcesBuildPhase;
			buildActionMask = 2147483647;
			files = (
				2169BE241D7DC68B00219115 /* MTGMenuParser.swift in Sources */,
				2169BE221D7DC61D00219115 /* MTGMenuHelper.swift in Sources */,
				2119A2271D7F18DA00347C24 /* Network.swift in Sources */,
				2169BE1F1D7DC52500219115 /* MTGMenuConfiguration.swift in Sources */,
				2169BE151D7DBCC100219115 /* MTGConnection.swift in Sources */,
				2169BE281D7DD6AD00219115 /* MTGWebViewController.swift in Sources */,
				2169BE261D7DCAA900219115 /* MTGParser.swift in Sources */,
				2169BE1D1D7DC51600219115 /* MTGMenuItem.swift in Sources */,
				2169BDFF1D7DB7D900219115 /* AppDelegate.swift in Sources */,
				2169BE2B1D7DD7B000219115 /* MTGMenuTableViewController.swift in Sources */,
				2169BE181D7DBD3900219115 /* MTGGlobalVars.swift in Sources */,
			);
			runOnlyForDeploymentPostprocessing = 0;
		};
/* End PBXSourcesBuildPhase section */

/* Begin PBXTargetDependency section */
		2119A21C1D7F0F4800347C24 /* PBXTargetDependency */ = {
			isa = PBXTargetDependency;
			target = 2169BDFA1D7DB7D900219115 /* MyToysTest */;
			targetProxy = 2119A21B1D7F0F4800347C24 /* PBXContainerItemProxy */;
		};
/* End PBXTargetDependency section */

/* Begin PBXVariantGroup section */
		2169BE021D7DB7D900219115 /* Main.storyboard */ = {
			isa = PBXVariantGroup;
			children = (
				2169BE031D7DB7D900219115 /* Base */,
			);
			name = Main.storyboard;
			sourceTree = "<group>";
		};
		2169BE071D7DB7D900219115 /* LaunchScreen.storyboard */ = {
			isa = PBXVariantGroup;
			children = (
				2169BE081D7DB7D900219115 /* Base */,
			);
			name = LaunchScreen.storyboard;
			sourceTree = "<group>";
		};
/* End PBXVariantGroup section */

/* Begin XCBuildConfiguration section */
		2119A21E1D7F0F4800347C24 /* Debug */ = {
			isa = XCBuildConfiguration;
			buildSettings = {
				BUNDLE_LOADER = "$(TEST_HOST)";
				INFOPLIST_FILE = MyToysTestTests/Info.plist;
				LD_RUNPATH_SEARCH_PATHS = "$(inherited) @executable_path/Frameworks @loader_path/Frameworks";
				PRODUCT_BUNDLE_IDENTIFIER = com.MyToysTestTests;
				PRODUCT_NAME = "$(TARGET_NAME)";
				TEST_HOST = "$(BUILT_PRODUCTS_DIR)/MyToysTest.app/MyToysTest";
			};
			name = Debug;
		};
		2119A21F1D7F0F4800347C24 /* Release */ = {
			isa = XCBuildConfiguration;
			buildSettings = {
				BUNDLE_LOADER = "$(TEST_HOST)";
				INFOPLIST_FILE = MyToysTestTests/Info.plist;
				LD_RUNPATH_SEARCH_PATHS = "$(inherited) @executable_path/Frameworks @loader_path/Frameworks";
				PRODUCT_BUNDLE_IDENTIFIER = com.MyToysTestTests;
				PRODUCT_NAME = "$(TARGET_NAME)";
				TEST_HOST = "$(BUILT_PRODUCTS_DIR)/MyToysTest.app/MyToysTest";
			};
			name = Release;
		};
		2169BE0B1D7DB7D900219115 /* Debug */ = {
			isa = XCBuildConfiguration;
			buildSettings = {
				ALWAYS_SEARCH_USER_PATHS = NO;
				CLANG_ANALYZER_NONNULL = YES;
				CLANG_CXX_LANGUAGE_STANDARD = "gnu++0x";
				CLANG_CXX_LIBRARY = "libc++";
				CLANG_ENABLE_MODULES = YES;
				CLANG_ENABLE_OBJC_ARC = YES;
				CLANG_WARN_BOOL_CONVERSION = YES;
				CLANG_WARN_CONSTANT_CONVERSION = YES;
				CLANG_WARN_DIRECT_OBJC_ISA_USAGE = YES_ERROR;
				CLANG_WARN_EMPTY_BODY = YES;
				CLANG_WARN_ENUM_CONVERSION = YES;
				CLANG_WARN_INT_CONVERSION = YES;
				CLANG_WARN_OBJC_ROOT_CLASS = YES_ERROR;
				CLANG_WARN_UNREACHABLE_CODE = YES;
				CLANG_WARN__DUPLICATE_METHOD_MATCH = YES;
				"CODE_SIGN_IDENTITY[sdk=iphoneos*]" = "iPhone Developer";
				COPY_PHASE_STRIP = NO;
				DEBUG_INFORMATION_FORMAT = dwarf;
				ENABLE_STRICT_OBJC_MSGSEND = YES;
				ENABLE_TESTABILITY = YES;
				GCC_C_LANGUAGE_STANDARD = gnu99;
				GCC_DYNAMIC_NO_PIC = NO;
				GCC_NO_COMMON_BLOCKS = YES;
				GCC_OPTIMIZATION_LEVEL = 0;
				GCC_PREPROCESSOR_DEFINITIONS = (
					"DEBUG=1",
					"$(inherited)",
				);
				GCC_WARN_64_TO_32_BIT_CONVERSION = YES;
				GCC_WARN_ABOUT_RETURN_TYPE = YES_ERROR;
				GCC_WARN_UNDECLARED_SELECTOR = YES;
				GCC_WARN_UNINITIALIZED_AUTOS = YES_AGGRESSIVE;
				GCC_WARN_UNUSED_FUNCTION = YES;
				GCC_WARN_UNUSED_VARIABLE = YES;
				IPHONEOS_DEPLOYMENT_TARGET = 9.3;
				MTL_ENABLE_DEBUG_INFO = YES;
				ONLY_ACTIVE_ARCH = YES;
				SDKROOT = iphoneos;
				SWIFT_OPTIMIZATION_LEVEL = "-Onone";
				TARGETED_DEVICE_FAMILY = "1,2";
			};
			name = Debug;
		};
		2169BE0C1D7DB7D900219115 /* Release */ = {
			isa = XCBuildConfiguration;
			buildSettings = {
				ALWAYS_SEARCH_USER_PATHS = NO;
				CLANG_ANALYZER_NONNULL = YES;
				CLANG_CXX_LANGUAGE_STANDARD = "gnu++0x";
				CLANG_CXX_LIBRARY = "libc++";
				CLANG_ENABLE_MODULES = YES;
				CLANG_ENABLE_OBJC_ARC = YES;
				CLANG_WARN_BOOL_CONVERSION = YES;
				CLANG_WARN_CONSTANT_CONVERSION = YES;
				CLANG_WARN_DIRECT_OBJC_ISA_USAGE = YES_ERROR;
				CLANG_WARN_EMPTY_BODY = YES;
				CLANG_WARN_ENUM_CONVERSION = YES;
				CLANG_WARN_INT_CONVERSION = YES;
				CLANG_WARN_OBJC_ROOT_CLASS = YES_ERROR;
				CLANG_WARN_UNREACHABLE_CODE = YES;
				CLANG_WARN__DUPLICATE_METHOD_MATCH = YES;
				"CODE_SIGN_IDENTITY[sdk=iphoneos*]" = "iPhone Developer";
				COPY_PHASE_STRIP = NO;
				DEBUG_INFORMATION_FORMAT = "dwarf-with-dsym";
				ENABLE_NS_ASSERTIONS = NO;
				ENABLE_STRICT_OBJC_MSGSEND = YES;
				GCC_C_LANGUAGE_STANDARD = gnu99;
				GCC_NO_COMMON_BLOCKS = YES;
				GCC_WARN_64_TO_32_BIT_CONVERSION = YES;
				GCC_WARN_ABOUT_RETURN_TYPE = YES_ERROR;
				GCC_WARN_UNDECLARED_SELECTOR = YES;
				GCC_WARN_UNINITIALIZED_AUTOS = YES_AGGRESSIVE;
				GCC_WARN_UNUSED_FUNCTION = YES;
				GCC_WARN_UNUSED_VARIABLE = YES;
				IPHONEOS_DEPLOYMENT_TARGET = 9.3;
				MTL_ENABLE_DEBUG_INFO = NO;
				SDKROOT = iphoneos;
				TARGETED_DEVICE_FAMILY = "1,2";
				VALIDATE_PRODUCT = YES;
			};
			name = Release;
		};
		2169BE0E1D7DB7D900219115 /* Debug */ = {
			isa = XCBuildConfiguration;
			baseConfigurationReference = F682CBBDC395D6554EDDA201 /* Pods-MyToysTest.debug.xcconfig */;
			buildSettings = {
				ASSETCATALOG_COMPILER_APPICON_NAME = AppIcon;
				INFOPLIST_FILE = MyToysTest/Info.plist;
				LD_RUNPATH_SEARCH_PATHS = "$(inherited) @executable_path/Frameworks";
				PRODUCT_BUNDLE_IDENTIFIER = com.MyToysTest;
				PRODUCT_NAME = "$(TARGET_NAME)";
			};
			name = Debug;
		};
		2169BE0F1D7DB7D900219115 /* Release */ = {
			isa = XCBuildConfiguration;
			baseConfigurationReference = BCB8D4E12E8FAA5818881417 /* Pods-MyToysTest.release.xcconfig */;
			buildSettings = {
				ASSETCATALOG_COMPILER_APPICON_NAME = AppIcon;
				INFOPLIST_FILE = MyToysTest/Info.plist;
				LD_RUNPATH_SEARCH_PATHS = "$(inherited) @executable_path/Frameworks";
				PRODUCT_BUNDLE_IDENTIFIER = com.MyToysTest;
				PRODUCT_NAME = "$(TARGET_NAME)";
			};
			name = Release;
		};
/* End XCBuildConfiguration section */

/* Begin XCConfigurationList section */
		2119A21D1D7F0F4800347C24 /* Build configuration list for PBXNativeTarget "MyToysTestTests" */ = {
			isa = XCConfigurationList;
			buildConfigurations = (
				2119A21E1D7F0F4800347C24 /* Debug */,
				2119A21F1D7F0F4800347C24 /* Release */,
			);
			defaultConfigurationIsVisible = 0;
		};
		2169BDF61D7DB7D900219115 /* Build configuration list for PBXProject "MyToysTest" */ = {
			isa = XCConfigurationList;
			buildConfigurations = (
				2169BE0B1D7DB7D900219115 /* Debug */,
				2169BE0C1D7DB7D900219115 /* Release */,
			);
			defaultConfigurationIsVisible = 0;
			defaultConfigurationName = Release;
		};
		2169BE0D1D7DB7D900219115 /* Build configuration list for PBXNativeTarget "MyToysTest" */ = {
			isa = XCConfigurationList;
			buildConfigurations = (
				2169BE0E1D7DB7D900219115 /* Debug */,
				2169BE0F1D7DB7D900219115 /* Release */,
			);
			defaultConfigurationIsVisible = 0;
			defaultConfigurationName = Release;
		};
/* End XCConfigurationList section */
	};
	rootObject = 2169BDF31D7DB7D900219115 /* Project object */;
}
